
Microsoft Visual Studio Solution File, Format Version 12.00
# Visual Studio Version 17
VisualStudioVersion = 17.6.33815.320
MinimumVisualStudioVersion = 10.0.40219.1
Project("{FAE04EC0-301F-11D3-BF4B-00C04F79EFBC}") = "jcabezasS7.Android", "jcabezasS7.Android\jcabezasS7.Android.csproj", "{02255D01-A908-4F38-8DA3-A9F8A5ED71EB}"
EndProject
Project("{FAE04EC0-301F-11D3-BF4B-00C04F79EFBC}") = "jcabezasS7.iOS", "jcabezasS7.iOS\jcabezasS7.iOS.csproj", "{E2EA880D-6980-40C9-8E15-107B45BB6DB4}"
EndProject
Project("{FAE04EC0-301F-11D3-BF4B-00C04F79EFBC}") = "jcabezasS7", "jcabezasS7\jcabezasS7.csproj", "{B37A0819-A91F-404F-B2D9-1C0C824A5D47}"
EndProject
Global
	GlobalSection(SolutionConfigurationPlatforms) = preSolution
		Debug|Any CPU = Debug|Any CPU
		Debug|iPhone = Debug|iPhone
		Debug|iPhoneSimulator = Debug|iPhoneSimulator
		Release|Any CPU = Release|Any CPU
		Release|iPhone = Release|iPhone
		Release|iPhoneSimulator = Release|iPhoneSimulator
	EndGlobalSection
	GlobalSection(ProjectConfigurationPlatforms) = postSolution
		{02255D01-A908-4F38-8DA3-A9F8A5ED71EB}.Debug|Any CPU.ActiveCfg = Debug|Any CPU
		{02255D01-A908-4F38-8DA3-A9F8A5ED71EB}.Debug|Any CPU.Build.0 = Debug|Any CPU
		{02255D01-A908-4F38-8DA3-A9F8A5ED71EB}.Debug|Any CPU.Deploy.0 = Debug|Any CPU
		{02255D01-A908-4F38-8DA3-A9F8A5ED71EB}.Debug|iPhone.ActiveCfg = Debug|Any CPU
		{02255D01-A908-4F38-8DA3-A9F8A5ED71EB}.Debug|iPhone.Build.0 = Debug|Any CPU
		{02255D01-A908-4F38-8DA3-A9F8A5ED71EB}.Debug|iPhone.Deploy.0 = Debug|Any CPU
		{02255D01-A908-4F38-8DA3-A9F8A5ED71EB}.Debug|iPhoneSimulator.ActiveCfg = Debug|Any CPU
		{02255D01-A908-4F38-8DA3-A9F8A5ED71EB}.Debug|iPhoneSimulator.Build.0 = Debug|Any CPU
		{02255D01-A908-4F38-8DA3-A9F8A5ED71EB}.Debug|iPhoneSimulator.Deploy.0 = Debug|Any CPU
		{02255D01-A908-4F38-8DA3-A9F8A5ED71EB}.Release|Any CPU.ActiveCfg = Release|Any CPU
		{02255D01-A908-4F38-8DA3-A9F8A5ED71EB}.Release|Any CPU.Build.0 = Release|Any CPU
		{02255D01-A908-4F38-8DA3-A9F8A5ED71EB}.Release|Any CPU.Deploy.0 = Release|Any CPU
		{02255D01-A908-4F38-8DA3-A9F8A5ED71EB}.Release|iPhone.ActiveCfg = Release|Any CPU
		{02255D01-A908-4F38-8DA3-A9F8A5ED71EB}.Release|iPhone.Build.0 = Release|Any CPU
		{02255D01-A908-4F38-8DA3-A9F8A5ED71EB}.Release|iPhone.Deploy.0 = Release|Any CPU
		{02255D01-A908-4F38-8DA3-A9F8A5ED71EB}.Release|iPhoneSimulator.ActiveCfg = Release|Any CPU
		{02255D01-A908-4F38-8DA3-A9F8A5ED71EB}.Release|iPhoneSimulator.Build.0 = Release|Any CPU
		{02255D01-A908-4F38-8DA3-A9F8A5ED71EB}.Release|iPhoneSimulator.Deploy.0 = Release|Any CPU
		{E2EA880D-6980-40C9-8E15-107B45BB6DB4}.Debug|Any CPU.ActiveCfg = Debug|iPhone
		{E2EA880D-6980-40C9-8E15-107B45BB6DB4}.Debug|Any CPU.Build.0 = Debug|iPhone
		{E2EA880D-6980-40C9-8E15-107B45BB6DB4}.Debug|Any CPU.Deploy.0 = Debug|iPhone
		{E2EA880D-6980-40C9-8E15-107B45BB6DB4}.Debug|iPhone.ActiveCfg = Debug|iPhone
		{E2EA880D-6980-40C9-8E15-107B45BB6DB4}.Debug|iPhone.Build.0 = Debug|iPhone
		{E2EA880D-6980-40C9-8E15-107B45BB6DB4}.Debug|iPhone.Deploy.0 = Debug|iPhone
		{E2EA880D-6980-40C9-8E15-107B45BB6DB4}.Debug|iPhoneSimulator.ActiveCfg = Debug|iPhoneSimulator
		{E2EA880D-6980-40C9-8E15-107B45BB6DB4}.Debug|iPhoneSimulator.Build.0 = Debug|iPhoneSimulator
		{E2EA880D-6980-40C9-8E15-107B45BB6DB4}.Debug|iPhoneSimulator.Deploy.0 = Debug|iPhoneSimulator
		{E2EA880D-6980-40C9-8E15-107B45BB6DB4}.Release|Any CPU.ActiveCfg = Release|iPhoneSimulator
		{E2EA880D-6980-40C9-8E15-107B45BB6DB4}.Release|Any CPU.Build.0 = Release|iPhoneSimulator
		{E2EA880D-6980-40C9-8E15-107B45BB6DB4}.Release|Any CPU.Deploy.0 = Release|iPhoneSimulator
		{E2EA880D-6980-40C9-8E15-107B45BB6DB4}.Release|iPhone.ActiveCfg = Release|iPhone
		{E2EA880D-6980-40C9-8E15-107B45BB6DB4}.Release|iPhone.Build.0 = Release|iPhone
		{E2EA880D-6980-40C9-8E15-107B45BB6DB4}.Release|iPhone.Deploy.0 = Release|iPhone
		{E2EA880D-6980-40C9-8E15-107B45BB6DB4}.Release|iPhoneSimulator.ActiveCfg = Release|iPhoneSimulator
		{E2EA880D-6980-40C9-8E15-107B45BB6DB4}.Release|iPhoneSimulator.Build.0 = Release|iPhoneSimulator
		{E2EA880D-6980-40C9-8E15-107B45BB6DB4}.Release|iPhoneSimulator.Deploy.0 = Release|iPhoneSimulator
		{B37A0819-A91F-404F-B2D9-1C0C824A5D47}.Debug|Any CPU.ActiveCfg = Debug|Any CPU
		{B37A0819-A91F-404F-B2D9-1C0C824A5D47}.Debug|Any CPU.Build.0 = Debug|Any CPU
		{B37A0819-A91F-404F-B2D9-1C0C824A5D47}.Debug|Any CPU.Deploy.0 = Debug|Any CPU
		{B37A0819-A91F-404F-B2D9-1C0C824A5D47}.Debug|iPhone.ActiveCfg = Debug|Any CPU
		{B37A0819-A91F-404F-B2D9-1C0C824A5D47}.Debug|iPhone.Build.0 = Debug|Any CPU
		{B37A0819-A91F-404F-B2D9-1C0C824A5D47}.Debug|iPhone.Deploy.0 = Debug|Any CPU
		{B37A0819-A91F-404F-B2D9-1C0C824A5D47}.Debug|iPhoneSimulator.ActiveCfg = Debug|Any CPU
		{B37A0819-A91F-404F-B2D9-1C0C824A5D47}.Debug|iPhoneSimulator.Build.0 = Debug|Any CPU
		{B37A0819-A91F-404F-B2D9-1C0C824A5D47}.Debug|iPhoneSimulator.Deploy.0 = Debug|Any CPU
		{B37A0819-A91F-404F-B2D9-1C0C824A5D47}.Release|Any CPU.ActiveCfg = Release|Any CPU
		{B37A0819-A91F-404F-B2D9-1C0C824A5D47}.Release|Any CPU.Build.0 = Release|Any CPU
		{B37A0819-A91F-404F-B2D9-1C0C824A5D47}.Release|Any CPU.Deploy.0 = Release|Any CPU
		{B37A0819-A91F-404F-B2D9-1C0C824A5D47}.Release|iPhone.ActiveCfg = Release|Any CPU
		{B37A0819-A91F-404F-B2D9-1C0C824A5D47}.Release|iPhone.Build.0 = Release|Any CPU
		{B37A0819-A91F-404F-B2D9-1C0C824A5D47}.Release|iPhone.Deploy.0 = Release|Any CPU
		{B37A0819-A91F-404F-B2D9-1C0C824A5D47}.Release|iPhoneSimulator.ActiveCfg = Release|Any CPU
		{B37A0819-A91F-404F-B2D9-1C0C824A5D47}.Release|iPhoneSimulator.Build.0 = Release|Any CPU
		{B37A0819-A91F-404F-B2D9-1C0C824A5D47}.Release|iPhoneSimulator.Deploy.0 = Release|Any CPU
	EndGlobalSection
	GlobalSection(SolutionProperties) = preSolution
		HideSolutionNode = FALSE
	EndGlobalSection
	GlobalSection(ExtensibilityGlobals) = postSolution
		SolutionGuid = {1635A13A-D8C1-43BA-9291-C2F27C73C863}
	EndGlobalSection
EndGlobal
